
Microsoft Visual Studio Solution File, Format Version 12.00
# Visual Studio 15
VisualStudioVersion = 15.0.27004.2006
MinimumVisualStudioVersion = 10.0.40219.1
Project("{FAE04EC0-301F-11D3-BF4B-00C04F79EFBC}") = "XamarinFormsNetStandardMqtt.Android", "XamarinFormsNetStandardMqtt\XamarinFormsNetStandardMqtt.Android\XamarinFormsNetStandardMqtt.Android.csproj", "{03F55119-D708-4022-B31F-7EDEB1F267C6}"
EndProject
Project("{FAE04EC0-301F-11D3-BF4B-00C04F79EFBC}") = "XamarinFormsNetStandardMqtt", "XamarinFormsNetStandardMqtt\XamarinFormsNetStandardMqtt\XamarinFormsNetStandardMqtt.csproj", "{C0CFE42C-F283-42F1-B56A-8C1433E156DA}"
EndProject
Project("{FAE04EC0-301F-11D3-BF4B-00C04F79EFBC}") = "XamarinFormsNetStandardMqtt.UWP", "XamarinFormsNetStandardMqtt\XamarinFormsNetStandardMqtt.UWP\XamarinFormsNetStandardMqtt.UWP.csproj", "{BD46CBC7-8AEC-4B97-9C5F-A533C985975A}"
EndProject
Project("{FAE04EC0-301F-11D3-BF4B-00C04F79EFBC}") = "XamarinFormsNetStandardMqtt.iOS", "XamarinFormsNetStandardMqtt\XamarinFormsNetStandardMqtt.iOS\XamarinFormsNetStandardMqtt.iOS.csproj", "{68D20C37-BB48-41E9-B29C-AEA9FF83E9FB}"
EndProject
Global
	GlobalSection(SolutionConfigurationPlatforms) = preSolution
		Ad-Hoc|Any CPU = Ad-Hoc|Any CPU
		Ad-Hoc|ARM = Ad-Hoc|ARM
		Ad-Hoc|iPhone = Ad-Hoc|iPhone
		Ad-Hoc|iPhoneSimulator = Ad-Hoc|iPhoneSimulator
		Ad-Hoc|x64 = Ad-Hoc|x64
		Ad-Hoc|x86 = Ad-Hoc|x86
		AppStore|Any CPU = AppStore|Any CPU
		AppStore|ARM = AppStore|ARM
		AppStore|iPhone = AppStore|iPhone
		AppStore|iPhoneSimulator = AppStore|iPhoneSimulator
		AppStore|x64 = AppStore|x64
		AppStore|x86 = AppStore|x86
		Debug|Any CPU = Debug|Any CPU
		Debug|ARM = Debug|ARM
		Debug|iPhone = Debug|iPhone
		Debug|iPhoneSimulator = Debug|iPhoneSimulator
		Debug|x64 = Debug|x64
		Debug|x86 = Debug|x86
		Release|Any CPU = Release|Any CPU
		Release|ARM = Release|ARM
		Release|iPhone = Release|iPhone
		Release|iPhoneSimulator = Release|iPhoneSimulator
		Release|x64 = Release|x64
		Release|x86 = Release|x86
	EndGlobalSection
	GlobalSection(ProjectConfigurationPlatforms) = postSolution
		{03F55119-D708-4022-B31F-7EDEB1F267C6}.Ad-Hoc|Any CPU.ActiveCfg = Release|Any CPU
		{03F55119-D708-4022-B31F-7EDEB1F267C6}.Ad-Hoc|Any CPU.Build.0 = Release|Any CPU
		{03F55119-D708-4022-B31F-7EDEB1F267C6}.Ad-Hoc|Any CPU.Deploy.0 = Release|Any CPU
		{03F55119-D708-4022-B31F-7EDEB1F267C6}.Ad-Hoc|ARM.ActiveCfg = Release|Any CPU
		{03F55119-D708-4022-B31F-7EDEB1F267C6}.Ad-Hoc|ARM.Build.0 = Release|Any CPU
		{03F55119-D708-4022-B31F-7EDEB1F267C6}.Ad-Hoc|ARM.Deploy.0 = Release|Any CPU
		{03F55119-D708-4022-B31F-7EDEB1F267C6}.Ad-Hoc|iPhone.ActiveCfg = Release|Any CPU
		{03F55119-D708-4022-B31F-7EDEB1F267C6}.Ad-Hoc|iPhone.Build.0 = Release|Any CPU
		{03F55119-D708-4022-B31F-7EDEB1F267C6}.Ad-Hoc|iPhone.Deploy.0 = Release|Any CPU
		{03F55119-D708-4022-B31F-7EDEB1F267C6}.Ad-Hoc|iPhoneSimulator.ActiveCfg = Release|Any CPU
		{03F55119-D708-4022-B31F-7EDEB1F267C6}.Ad-Hoc|iPhoneSimulator.Build.0 = Release|Any CPU
		{03F55119-D708-4022-B31F-7EDEB1F267C6}.Ad-Hoc|iPhoneSimulator.Deploy.0 = Release|Any CPU
		{03F55119-D708-4022-B31F-7EDEB1F267C6}.Ad-Hoc|x64.ActiveCfg = Release|Any CPU
		{03F55119-D708-4022-B31F-7EDEB1F267C6}.Ad-Hoc|x64.Build.0 = Release|Any CPU
		{03F55119-D708-4022-B31F-7EDEB1F267C6}.Ad-Hoc|x64.Deploy.0 = Release|Any CPU
		{03F55119-D708-4022-B31F-7EDEB1F267C6}.Ad-Hoc|x86.ActiveCfg = Release|Any CPU
		{03F55119-D708-4022-B31F-7EDEB1F267C6}.Ad-Hoc|x86.Build.0 = Release|Any CPU
		{03F55119-D708-4022-B31F-7EDEB1F267C6}.Ad-Hoc|x86.Deploy.0 = Release|Any CPU
		{03F55119-D708-4022-B31F-7EDEB1F267C6}.AppStore|Any CPU.ActiveCfg = Release|Any CPU
		{03F55119-D708-4022-B31F-7EDEB1F267C6}.AppStore|Any CPU.Build.0 = Release|Any CPU
		{03F55119-D708-4022-B31F-7EDEB1F267C6}.AppStore|Any CPU.Deploy.0 = Release|Any CPU
		{03F55119-D708-4022-B31F-7EDEB1F267C6}.AppStore|ARM.ActiveCfg = Release|Any CPU
		{03F55119-D708-4022-B31F-7EDEB1F267C6}.AppStore|ARM.Build.0 = Release|Any CPU
		{03F55119-D708-4022-B31F-7EDEB1F267C6}.AppStore|ARM.Deploy.0 = Release|Any CPU
		{03F55119-D708-4022-B31F-7EDEB1F267C6}.AppStore|iPhone.ActiveCfg = Release|Any CPU
		{03F55119-D708-4022-B31F-7EDEB1F267C6}.AppStore|iPhone.Build.0 = Release|Any CPU
		{03F55119-D708-4022-B31F-7EDEB1F267C6}.AppStore|iPhone.Deploy.0 = Release|Any CPU
		{03F55119-D708-4022-B31F-7EDEB1F267C6}.AppStore|iPhoneSimulator.ActiveCfg = Release|Any CPU
		{03F55119-D708-4022-B31F-7EDEB1F267C6}.AppStore|iPhoneSimulator.Build.0 = Release|Any CPU
		{03F55119-D708-4022-B31F-7EDEB1F267C6}.AppStore|iPhoneSimulator.Deploy.0 = Release|Any CPU
		{03F55119-D708-4022-B31F-7EDEB1F267C6}.AppStore|x64.ActiveCfg = Release|Any CPU
		{03F55119-D708-4022-B31F-7EDEB1F267C6}.AppStore|x64.Build.0 = Release|Any CPU
		{03F55119-D708-4022-B31F-7EDEB1F267C6}.AppStore|x64.Deploy.0 = Release|Any CPU
		{03F55119-D708-4022-B31F-7EDEB1F267C6}.AppStore|x86.ActiveCfg = Release|Any CPU
		{03F55119-D708-4022-B31F-7EDEB1F267C6}.AppStore|x86.Build.0 = Release|Any CPU
		{03F55119-D708-4022-B31F-7EDEB1F267C6}.AppStore|x86.Deploy.0 = Release|Any CPU
		{03F55119-D708-4022-B31F-7EDEB1F267C6}.Debug|Any CPU.ActiveCfg = Debug|Any CPU
		{03F55119-D708-4022-B31F-7EDEB1F267C6}.Debug|Any CPU.Build.0 = Debug|Any CPU
		{03F55119-D708-4022-B31F-7EDEB1F267C6}.Debug|Any CPU.Deploy.0 = Debug|Any CPU
		{03F55119-D708-4022-B31F-7EDEB1F267C6}.Debug|ARM.ActiveCfg = Debug|Any CPU
		{03F55119-D708-4022-B31F-7EDEB1F267C6}.Debug|ARM.Build.0 = Debug|Any CPU
		{03F55119-D708-4022-B31F-7EDEB1F267C6}.Debug|ARM.Deploy.0 = Debug|Any CPU
		{03F55119-D708-4022-B31F-7EDEB1F267C6}.Debug|iPhone.ActiveCfg = Debug|Any CPU
		{03F55119-D708-4022-B31F-7EDEB1F267C6}.Debug|iPhone.Build.0 = Debug|Any CPU
		{03F55119-D708-4022-B31F-7EDEB1F267C6}.Debug|iPhone.Deploy.0 = Debug|Any CPU
		{03F55119-D708-4022-B31F-7EDEB1F267C6}.Debug|iPhoneSimulator.ActiveCfg = Debug|Any CPU
		{03F55119-D708-4022-B31F-7EDEB1F267C6}.Debug|iPhoneSimulator.Build.0 = Debug|Any CPU
		{03F55119-D708-4022-B31F-7EDEB1F267C6}.Debug|iPhoneSimulator.Deploy.0 = Debug|Any CPU
		{03F55119-D708-4022-B31F-7EDEB1F267C6}.Debug|x64.ActiveCfg = Debug|Any CPU
		{03F55119-D708-4022-B31F-7EDEB1F267C6}.Debug|x64.Build.0 = Debug|Any CPU
		{03F55119-D708-4022-B31F-7EDEB1F267C6}.Debug|x64.Deploy.0 = Debug|Any CPU
		{03F55119-D708-4022-B31F-7EDEB1F267C6}.Debug|x86.ActiveCfg = Debug|Any CPU
		{03F55119-D708-4022-B31F-7EDEB1F267C6}.Debug|x86.Build.0 = Debug|Any CPU
		{03F55119-D708-4022-B31F-7EDEB1F267C6}.Debug|x86.Deploy.0 = Debug|Any CPU
		{03F55119-D708-4022-B31F-7EDEB1F267C6}.Release|Any CPU.ActiveCfg = Release|Any CPU
		{03F55119-D708-4022-B31F-7EDEB1F267C6}.Release|Any CPU.Build.0 = Release|Any CPU
		{03F55119-D708-4022-B31F-7EDEB1F267C6}.Release|Any CPU.Deploy.0 = Release|Any CPU
		{03F55119-D708-4022-B31F-7EDEB1F267C6}.Release|ARM.ActiveCfg = Release|Any CPU
		{03F55119-D708-4022-B31F-7EDEB1F267C6}.Release|ARM.Build.0 = Release|Any CPU
		{03F55119-D708-4022-B31F-7EDEB1F267C6}.Release|ARM.Deploy.0 = Release|Any CPU
		{03F55119-D708-4022-B31F-7EDEB1F267C6}.Release|iPhone.ActiveCfg = Release|Any CPU
		{03F55119-D708-4022-B31F-7EDEB1F267C6}.Release|iPhone.Build.0 = Release|Any CPU
		{03F55119-D708-4022-B31F-7EDEB1F267C6}.Release|iPhone.Deploy.0 = Release|Any CPU
		{03F55119-D708-4022-B31F-7EDEB1F267C6}.Release|iPhoneSimulator.ActiveCfg = Release|Any CPU
		{03F55119-D708-4022-B31F-7EDEB1F267C6}.Release|iPhoneSimulator.Build.0 = Release|Any CPU
		{03F55119-D708-4022-B31F-7EDEB1F267C6}.Release|iPhoneSimulator.Deploy.0 = Release|Any CPU
		{03F55119-D708-4022-B31F-7EDEB1F267C6}.Release|x64.ActiveCfg = Release|Any CPU
		{03F55119-D708-4022-B31F-7EDEB1F267C6}.Release|x64.Build.0 = Release|Any CPU
		{03F55119-D708-4022-B31F-7EDEB1F267C6}.Release|x64.Deploy.0 = Release|Any CPU
		{03F55119-D708-4022-B31F-7EDEB1F267C6}.Release|x86.ActiveCfg = Release|Any CPU
		{03F55119-D708-4022-B31F-7EDEB1F267C6}.Release|x86.Build.0 = Release|Any CPU
		{03F55119-D708-4022-B31F-7EDEB1F267C6}.Release|x86.Deploy.0 = Release|Any CPU
		{C0CFE42C-F283-42F1-B56A-8C1433E156DA}.Ad-Hoc|Any CPU.ActiveCfg = Release|Any CPU
		{C0CFE42C-F283-42F1-B56A-8C1433E156DA}.Ad-Hoc|Any CPU.Build.0 = Release|Any CPU
		{C0CFE42C-F283-42F1-B56A-8C1433E156DA}.Ad-Hoc|ARM.ActiveCfg = Release|Any CPU
		{C0CFE42C-F283-42F1-B56A-8C1433E156DA}.Ad-Hoc|ARM.Build.0 = Release|Any CPU
		{C0CFE42C-F283-42F1-B56A-8C1433E156DA}.Ad-Hoc|iPhone.ActiveCfg = Release|Any CPU
		{C0CFE42C-F283-42F1-B56A-8C1433E156DA}.Ad-Hoc|iPhone.Build.0 = Release|Any CPU
		{C0CFE42C-F283-42F1-B56A-8C1433E156DA}.Ad-Hoc|iPhoneSimulator.ActiveCfg = Release|Any CPU
		{C0CFE42C-F283-42F1-B56A-8C1433E156DA}.Ad-Hoc|iPhoneSimulator.Build.0 = Release|Any CPU
		{C0CFE42C-F283-42F1-B56A-8C1433E156DA}.Ad-Hoc|x64.ActiveCfg = Release|Any CPU
		{C0CFE42C-F283-42F1-B56A-8C1433E156DA}.Ad-Hoc|x64.Build.0 = Release|Any CPU
		{C0CFE42C-F283-42F1-B56A-8C1433E156DA}.Ad-Hoc|x86.ActiveCfg = Release|Any CPU
		{C0CFE42C-F283-42F1-B56A-8C1433E156DA}.Ad-Hoc|x86.Build.0 = Release|Any CPU
		{C0CFE42C-F283-42F1-B56A-8C1433E156DA}.AppStore|Any CPU.ActiveCfg = Release|Any CPU
		{C0CFE42C-F283-42F1-B56A-8C1433E156DA}.AppStore|Any CPU.Build.0 = Release|Any CPU
		{C0CFE42C-F283-42F1-B56A-8C1433E156DA}.AppStore|ARM.ActiveCfg = Release|Any CPU
		{C0CFE42C-F283-42F1-B56A-8C1433E156DA}.AppStore|ARM.Build.0 = Release|Any CPU
		{C0CFE42C-F283-42F1-B56A-8C1433E156DA}.AppStore|iPhone.ActiveCfg = Release|Any CPU
		{C0CFE42C-F283-42F1-B56A-8C1433E156DA}.AppStore|iPhone.Build.0 = Release|Any CPU
		{C0CFE42C-F283-42F1-B56A-8C1433E156DA}.AppStore|iPhoneSimulator.ActiveCfg = Release|Any CPU
		{C0CFE42C-F283-42F1-B56A-8C1433E156DA}.AppStore|iPhoneSimulator.Build.0 = Release|Any CPU
		{C0CFE42C-F283-42F1-B56A-8C1433E156DA}.AppStore|x64.ActiveCfg = Release|Any CPU
		{C0CFE42C-F283-42F1-B56A-8C1433E156DA}.AppStore|x64.Build.0 = Release|Any CPU
		{C0CFE42C-F283-42F1-B56A-8C1433E156DA}.AppStore|x86.ActiveCfg = Release|Any CPU
		{C0CFE42C-F283-42F1-B56A-8C1433E156DA}.AppStore|x86.Build.0 = Release|Any CPU
		{C0CFE42C-F283-42F1-B56A-8C1433E156DA}.Debug|Any CPU.ActiveCfg = Debug|Any CPU
		{C0CFE42C-F283-42F1-B56A-8C1433E156DA}.Debug|Any CPU.Build.0 = Debug|Any CPU
		{C0CFE42C-F283-42F1-B56A-8C1433E156DA}.Debug|ARM.ActiveCfg = Debug|Any CPU
		{C0CFE42C-F283-42F1-B56A-8C1433E156DA}.Debug|ARM.Build.0 = Debug|Any CPU
		{C0CFE42C-F283-42F1-B56A-8C1433E156DA}.Debug|iPhone.ActiveCfg = Debug|Any CPU
		{C0CFE42C-F283-42F1-B56A-8C1433E156DA}.Debug|iPhone.Build.0 = Debug|Any CPU
		{C0CFE42C-F283-42F1-B56A-8C1433E156DA}.Debug|iPhoneSimulator.ActiveCfg = Debug|Any CPU
		{C0CFE42C-F283-42F1-B56A-8C1433E156DA}.Debug|iPhoneSimulator.Build.0 = Debug|Any CPU
		{C0CFE42C-F283-42F1-B56A-8C1433E156DA}.Debug|x64.ActiveCfg = Debug|Any CPU
		{C0CFE42C-F283-42F1-B56A-8C1433E156DA}.Debug|x64.Build.0 = Debug|Any CPU
		{C0CFE42C-F283-42F1-B56A-8C1433E156DA}.Debug|x86.ActiveCfg = Debug|Any CPU
		{C0CFE42C-F283-42F1-B56A-8C1433E156DA}.Debug|x86.Build.0 = Debug|Any CPU
		{C0CFE42C-F283-42F1-B56A-8C1433E156DA}.Release|Any CPU.ActiveCfg = Release|Any CPU
		{C0CFE42C-F283-42F1-B56A-8C1433E156DA}.Release|Any CPU.Build.0 = Release|Any CPU
		{C0CFE42C-F283-42F1-B56A-8C1433E156DA}.Release|ARM.ActiveCfg = Release|Any CPU
		{C0CFE42C-F283-42F1-B56A-8C1433E156DA}.Release|ARM.Build.0 = Release|Any CPU
		{C0CFE42C-F283-42F1-B56A-8C1433E156DA}.Release|iPhone.ActiveCfg = Release|Any CPU
		{C0CFE42C-F283-42F1-B56A-8C1433E156DA}.Release|iPhone.Build.0 = Release|Any CPU
		{C0CFE42C-F283-42F1-B56A-8C1433E156DA}.Release|iPhoneSimulator.ActiveCfg = Release|Any CPU
		{C0CFE42C-F283-42F1-B56A-8C1433E156DA}.Release|iPhoneSimulator.Build.0 = Release|Any CPU
		{C0CFE42C-F283-42F1-B56A-8C1433E156DA}.Release|x64.ActiveCfg = Release|Any CPU
		{C0CFE42C-F283-42F1-B56A-8C1433E156DA}.Release|x64.Build.0 = Release|Any CPU
		{C0CFE42C-F283-42F1-B56A-8C1433E156DA}.Release|x86.ActiveCfg = Release|Any CPU
		{C0CFE42C-F283-42F1-B56A-8C1433E156DA}.Release|x86.Build.0 = Release|Any CPU
		{BD46CBC7-8AEC-4B97-9C5F-A533C985975A}.Ad-Hoc|Any CPU.ActiveCfg = Release|x86
		{BD46CBC7-8AEC-4B97-9C5F-A533C985975A}.Ad-Hoc|Any CPU.Build.0 = Release|x86
		{BD46CBC7-8AEC-4B97-9C5F-A533C985975A}.Ad-Hoc|Any CPU.Deploy.0 = Release|x86
		{BD46CBC7-8AEC-4B97-9C5F-A533C985975A}.Ad-Hoc|ARM.ActiveCfg = Release|ARM
		{BD46CBC7-8AEC-4B97-9C5F-A533C985975A}.Ad-Hoc|ARM.Build.0 = Release|ARM
		{BD46CBC7-8AEC-4B97-9C5F-A533C985975A}.Ad-Hoc|ARM.Deploy.0 = Release|ARM
		{BD46CBC7-8AEC-4B97-9C5F-A533C985975A}.Ad-Hoc|iPhone.ActiveCfg = Release|x86
		{BD46CBC7-8AEC-4B97-9C5F-A533C985975A}.Ad-Hoc|iPhone.Build.0 = Release|x86
		{BD46CBC7-8AEC-4B97-9C5F-A533C985975A}.Ad-Hoc|iPhone.Deploy.0 = Release|x86
		{BD46CBC7-8AEC-4B97-9C5F-A533C985975A}.Ad-Hoc|iPhoneSimulator.ActiveCfg = Release|x86
		{BD46CBC7-8AEC-4B97-9C5F-A533C985975A}.Ad-Hoc|iPhoneSimulator.Build.0 = Release|x86
		{BD46CBC7-8AEC-4B97-9C5F-A533C985975A}.Ad-Hoc|iPhoneSimulator.Deploy.0 = Release|x86
		{BD46CBC7-8AEC-4B97-9C5F-A533C985975A}.Ad-Hoc|x64.ActiveCfg = Release|x64
		{BD46CBC7-8AEC-4B97-9C5F-A533C985975A}.Ad-Hoc|x64.Build.0 = Release|x64
		{BD46CBC7-8AEC-4B97-9C5F-A533C985975A}.Ad-Hoc|x64.Deploy.0 = Release|x64
		{BD46CBC7-8AEC-4B97-9C5F-A533C985975A}.Ad-Hoc|x86.ActiveCfg = Release|x86
		{BD46CBC7-8AEC-4B97-9C5F-A533C985975A}.Ad-Hoc|x86.Build.0 = Release|x86
		{BD46CBC7-8AEC-4B97-9C5F-A533C985975A}.Ad-Hoc|x86.Deploy.0 = Release|x86
		{BD46CBC7-8AEC-4B97-9C5F-A533C985975A}.AppStore|Any CPU.ActiveCfg = Release|x86
		{BD46CBC7-8AEC-4B97-9C5F-A533C985975A}.AppStore|Any CPU.Build.0 = Release|x86
		{BD46CBC7-8AEC-4B97-9C5F-A533C985975A}.AppStore|Any CPU.Deploy.0 = Release|x86
		{BD46CBC7-8AEC-4B97-9C5F-A533C985975A}.AppStore|ARM.ActiveCfg = Release|ARM
		{BD46CBC7-8AEC-4B97-9C5F-A533C985975A}.AppStore|ARM.Build.0 = Release|ARM
		{BD46CBC7-8AEC-4B97-9C5F-A533C985975A}.AppStore|ARM.Deploy.0 = Release|ARM
		{BD46CBC7-8AEC-4B97-9C5F-A533C985975A}.AppStore|iPhone.ActiveCfg = Release|x86
		{BD46CBC7-8AEC-4B97-9C5F-A533C985975A}.AppStore|iPhone.Build.0 = Release|x86
		{BD46CBC7-8AEC-4B97-9C5F-A533C985975A}.AppStore|iPhone.Deploy.0 = Release|x86
		{BD46CBC7-8AEC-4B97-9C5F-A533C985975A}.AppStore|iPhoneSimulator.ActiveCfg = Release|x86
		{BD46CBC7-8AEC-4B97-9C5F-A533C985975A}.AppStore|iPhoneSimulator.Build.0 = Release|x86
		{BD46CBC7-8AEC-4B97-9C5F-A533C985975A}.AppStore|iPhoneSimulator.Deploy.0 = Release|x86
		{BD46CBC7-8AEC-4B97-9C5F-A533C985975A}.AppStore|x64.ActiveCfg = Release|x64
		{BD46CBC7-8AEC-4B97-9C5F-A533C985975A}.AppStore|x64.Build.0 = Release|x64
		{BD46CBC7-8AEC-4B97-9C5F-A533C985975A}.AppStore|x64.Deploy.0 = Release|x64
		{BD46CBC7-8AEC-4B97-9C5F-A533C985975A}.AppStore|x86.ActiveCfg = Release|x86
		{BD46CBC7-8AEC-4B97-9C5F-A533C985975A}.AppStore|x86.Build.0 = Release|x86
		{BD46CBC7-8AEC-4B97-9C5F-A533C985975A}.AppStore|x86.Deploy.0 = Release|x86
		{BD46CBC7-8AEC-4B97-9C5F-A533C985975A}.Debug|Any CPU.ActiveCfg = Debug|x86
		{BD46CBC7-8AEC-4B97-9C5F-A533C985975A}.Debug|ARM.ActiveCfg = Debug|ARM
		{BD46CBC7-8AEC-4B97-9C5F-A533C985975A}.Debug|ARM.Build.0 = Debug|ARM
		{BD46CBC7-8AEC-4B97-9C5F-A533C985975A}.Debug|ARM.Deploy.0 = Debug|ARM
		{BD46CBC7-8AEC-4B97-9C5F-A533C985975A}.Debug|iPhone.ActiveCfg = Debug|x86
		{BD46CBC7-8AEC-4B97-9C5F-A533C985975A}.Debug|iPhoneSimulator.ActiveCfg = Debug|x86
		{BD46CBC7-8AEC-4B97-9C5F-A533C985975A}.Debug|x64.ActiveCfg = Debug|x64
		{BD46CBC7-8AEC-4B97-9C5F-A533C985975A}.Debug|x64.Build.0 = Debug|x64
		{BD46CBC7-8AEC-4B97-9C5F-A533C985975A}.Debug|x64.Deploy.0 = Debug|x64
		{BD46CBC7-8AEC-4B97-9C5F-A533C985975A}.Debug|x86.ActiveCfg = Debug|x86
		{BD46CBC7-8AEC-4B97-9C5F-A533C985975A}.Debug|x86.Build.0 = Debug|x86
		{BD46CBC7-8AEC-4B97-9C5F-A533C985975A}.Debug|x86.Deploy.0 = Debug|x86
		{BD46CBC7-8AEC-4B97-9C5F-A533C985975A}.Release|Any CPU.ActiveCfg = Release|x86
		{BD46CBC7-8AEC-4B97-9C5F-A533C985975A}.Release|ARM.ActiveCfg = Release|ARM
		{BD46CBC7-8AEC-4B97-9C5F-A533C985975A}.Release|ARM.Build.0 = Release|ARM
		{BD46CBC7-8AEC-4B97-9C5F-A533C985975A}.Release|ARM.Deploy.0 = Release|ARM
		{BD46CBC7-8AEC-4B97-9C5F-A533C985975A}.Release|iPhone.ActiveCfg = Release|x86
		{BD46CBC7-8AEC-4B97-9C5F-A533C985975A}.Release|iPhoneSimulator.ActiveCfg = Release|x86
		{BD46CBC7-8AEC-4B97-9C5F-A533C985975A}.Release|x64.ActiveCfg = Release|x64
		{BD46CBC7-8AEC-4B97-9C5F-A533C985975A}.Release|x64.Build.0 = Release|x64
		{BD46CBC7-8AEC-4B97-9C5F-A533C985975A}.Release|x64.Deploy.0 = Release|x64
		{BD46CBC7-8AEC-4B97-9C5F-A533C985975A}.Release|x86.ActiveCfg = Release|x86
		{BD46CBC7-8AEC-4B97-9C5F-A533C985975A}.Release|x86.Build.0 = Release|x86
		{BD46CBC7-8AEC-4B97-9C5F-A533C985975A}.Release|x86.Deploy.0 = Release|x86
		{68D20C37-BB48-41E9-B29C-AEA9FF83E9FB}.Ad-Hoc|Any CPU.ActiveCfg = Ad-Hoc|iPhoneSimulator
		{68D20C37-BB48-41E9-B29C-AEA9FF83E9FB}.Ad-Hoc|ARM.ActiveCfg = Ad-Hoc|iPhone
		{68D20C37-BB48-41E9-B29C-AEA9FF83E9FB}.Ad-Hoc|iPhone.ActiveCfg = Ad-Hoc|iPhone
		{68D20C37-BB48-41E9-B29C-AEA9FF83E9FB}.Ad-Hoc|iPhone.Build.0 = Ad-Hoc|iPhone
		{68D20C37-BB48-41E9-B29C-AEA9FF83E9FB}.Ad-Hoc|iPhoneSimulator.ActiveCfg = Ad-Hoc|iPhoneSimulator
		{68D20C37-BB48-41E9-B29C-AEA9FF83E9FB}.Ad-Hoc|iPhoneSimulator.Build.0 = Ad-Hoc|iPhoneSimulator
		{68D20C37-BB48-41E9-B29C-AEA9FF83E9FB}.Ad-Hoc|x64.ActiveCfg = Ad-Hoc|iPhone
		{68D20C37-BB48-41E9-B29C-AEA9FF83E9FB}.Ad-Hoc|x86.ActiveCfg = Ad-Hoc|iPhone
		{68D20C37-BB48-41E9-B29C-AEA9FF83E9FB}.AppStore|Any CPU.ActiveCfg = AppStore|iPhoneSimulator
		{68D20C37-BB48-41E9-B29C-AEA9FF83E9FB}.AppStore|ARM.ActiveCfg = AppStore|iPhone
		{68D20C37-BB48-41E9-B29C-AEA9FF83E9FB}.AppStore|iPhone.ActiveCfg = AppStore|iPhone
		{68D20C37-BB48-41E9-B29C-AEA9FF83E9FB}.AppStore|iPhone.Build.0 = AppStore|iPhone
		{68D20C37-BB48-41E9-B29C-AEA9FF83E9FB}.AppStore|iPhoneSimulator.ActiveCfg = AppStore|iPhoneSimulator
		{68D20C37-BB48-41E9-B29C-AEA9FF83E9FB}.AppStore|iPhoneSimulator.Build.0 = AppStore|iPhoneSimulator
		{68D20C37-BB48-41E9-B29C-AEA9FF83E9FB}.AppStore|x64.ActiveCfg = AppStore|iPhone
		{68D20C37-BB48-41E9-B29C-AEA9FF83E9FB}.AppStore|x86.ActiveCfg = AppStore|iPhone
		{68D20C37-BB48-41E9-B29C-AEA9FF83E9FB}.Debug|Any CPU.ActiveCfg = Debug|iPhoneSimulator
		{68D20C37-BB48-41E9-B29C-AEA9FF83E9FB}.Debug|ARM.ActiveCfg = Debug|iPhone
		{68D20C37-BB48-41E9-B29C-AEA9FF83E9FB}.Debug|iPhone.ActiveCfg = Debug|iPhone
		{68D20C37-BB48-41E9-B29C-AEA9FF83E9FB}.Debug|iPhone.Build.0 = Debug|iPhone
		{68D20C37-BB48-41E9-B29C-AEA9FF83E9FB}.Debug|iPhoneSimulator.ActiveCfg = Debug|iPhoneSimulator
		{68D20C37-BB48-41E9-B29C-AEA9FF83E9FB}.Debug|iPhoneSimulator.Build.0 = Debug|iPhoneSimulator
		{68D20C37-BB48-41E9-B29C-AEA9FF83E9FB}.Debug|x64.ActiveCfg = Debug|iPhone
		{68D20C37-BB48-41E9-B29C-AEA9FF83E9FB}.Debug|x86.ActiveCfg = Debug|iPhone
		{68D20C37-BB48-41E9-B29C-AEA9FF83E9FB}.Release|Any CPU.ActiveCfg = Release|iPhoneSimulator
		{68D20C37-BB48-41E9-B29C-AEA9FF83E9FB}.Release|ARM.ActiveCfg = Release|iPhone
		{68D20C37-BB48-41E9-B29C-AEA9FF83E9FB}.Release|iPhone.ActiveCfg = Release|iPhone
		{68D20C37-BB48-41E9-B29C-AEA9FF83E9FB}.Release|iPhone.Build.0 = Release|iPhone
		{68D20C37-BB48-41E9-B29C-AEA9FF83E9FB}.Release|iPhoneSimulator.ActiveCfg = Release|iPhoneSimulator
		{68D20C37-BB48-41E9-B29C-AEA9FF83E9FB}.Release|iPhoneSimulator.Build.0 = Release|iPhoneSimulator
		{68D20C37-BB48-41E9-B29C-AEA9FF83E9FB}.Release|x64.ActiveCfg = Release|iPhone
		{68D20C37-BB48-41E9-B29C-AEA9FF83E9FB}.Release|x86.ActiveCfg = Release|iPhone
	EndGlobalSection
	GlobalSection(SolutionProperties) = preSolution
		HideSolutionNode = FALSE
	EndGlobalSection
	GlobalSection(ExtensibilityGlobals) = postSolution
		SolutionGuid = {AE4582F4-B9BE-4F2B-8304-FACE0B524B47}
	EndGlobalSection
EndGlobal
